
Microsoft Visual Studio Solution File, Format Version 12.00
# Visual Studio Version 17
VisualStudioVersion = 17.0.31903.59
MinimumVisualStudioVersion = 10.0.40219.1
Project("{FAE04EC0-301F-11D3-BF4B-00C04F79EFBC}") = "TestIntro", "TestIntro\TestIntro.csproj", "{8AE3113B-10E5-42F0-A5C8-E53CF9F082D4}"
EndProject
Project("{FAE04EC0-301F-11D3-BF4B-00C04F79EFBC}") = "TestIntro.Tests", "TestIntro.Tests\TestIntro.Tests.csproj", "{DD567164-E782-4635-81C0-070AA1A4D342}"
EndProject
Global
	GlobalSection(SolutionConfigurationPlatforms) = preSolution
		Debug|Any CPU = Debug|Any CPU
		Release|Any CPU = Release|Any CPU
	EndGlobalSection
	GlobalSection(SolutionProperties) = preSolution
		HideSolutionNode = FALSE
	EndGlobalSection
	GlobalSection(ProjectConfigurationPlatforms) = postSolution
		{8AE3113B-10E5-42F0-A5C8-E53CF9F082D4}.Debug|Any CPU.ActiveCfg = Debug|Any CPU
		{8AE3113B-10E5-42F0-A5C8-E53CF9F082D4}.Debug|Any CPU.Build.0 = Debug|Any CPU
		{8AE3113B-10E5-42F0-A5C8-E53CF9F082D4}.Release|Any CPU.ActiveCfg = Release|Any CPU
		{8AE3113B-10E5-42F0-A5C8-E53CF9F082D4}.Release|Any CPU.Build.0 = Release|Any CPU
		{DD567164-E782-4635-81C0-070AA1A4D342}.Debug|Any CPU.ActiveCfg = Debug|Any CPU
		{DD567164-E782-4635-81C0-070AA1A4D342}.Debug|Any CPU.Build.0 = Debug|Any CPU
		{DD567164-E782-4635-81C0-070AA1A4D342}.Release|Any CPU.ActiveCfg = Release|Any CPU
		{DD567164-E782-4635-81C0-070AA1A4D342}.Release|Any CPU.Build.0 = Release|Any CPU
	EndGlobalSection
EndGlobal
